
Microsoft Visual Studio Solution File, Format Version 12.00
# Visual Studio Version 16
VisualStudioVersion = 16.0.29503.13
MinimumVisualStudioVersion = 10.0.40219.1
Project("{FAE04EC0-301F-11D3-BF4B-00C04F79EFBC}") = "Source", "Source\Source.csproj", "{A01607C7-694C-4F31-8B13-5620267F032A}"
EndProject
Global
	GlobalSection(SolutionConfigurationPlatforms) = preSolution
		Debug|Any CPU = Debug|Any CPU
		Release|Any CPU = Release|Any CPU
	EndGlobalSection
	GlobalSection(ProjectConfigurationPlatforms) = postSolution
		{A01607C7-694C-4F31-8B13-5620267F032A}.Debug|Any CPU.ActiveCfg = Debug|Any CPU
		{A01607C7-694C-4F31-8B13-5620267F032A}.Debug|Any CPU.Build.0 = Debug|Any CPU
		{A01607C7-694C-4F31-8B13-5620267F032A}.Release|Any CPU.ActiveCfg = Release|Any CPU
		{A01607C7-694C-4F31-8B13-5620267F032A}.Release|Any CPU.Build.0 = Release|Any CPU
	EndGlobalSection
	GlobalSection(SolutionProperties) = preSolution
		HideSolutionNode = FALSE
	EndGlobalSection
	GlobalSection(ExtensibilityGlobals) = postSolution
		SolutionGuid = {37C9918C-D153-47D6-8602-80CE07907196}
	EndGlobalSection
EndGlobal
